
Microsoft Visual Studio Solution File, Format Version 12.00
# Visual Studio Version 17
VisualStudioVersion = 17.0.32002.185
MinimumVisualStudioVersion = 10.0.40219.1
Project("{FAE04EC0-301F-11D3-BF4B-00C04F79EFBC}") = "Data5CapstoneEmployee", "Data5CapstoneEmployee\Data5CapstoneEmployee.csproj", "{1766F622-8098-455D-811F-6CB8C9DA62D7}"
EndProject
Project("{E6C563F2-BDC2-4A24-ACBF-01715157DCBB}") = "ASAData5", "ASAData5\ASAData5.asaproj", "{22B1B60C-9618-4E35-A725-586FDADF9778}"
EndProject
Global
	GlobalSection(SolutionConfigurationPlatforms) = preSolution
		Debug|Any CPU = Debug|Any CPU
		Release|Any CPU = Release|Any CPU
	EndGlobalSection
	GlobalSection(ProjectConfigurationPlatforms) = postSolution
		{1766F622-8098-455D-811F-6CB8C9DA62D7}.Debug|Any CPU.ActiveCfg = Debug|Any CPU
		{1766F622-8098-455D-811F-6CB8C9DA62D7}.Debug|Any CPU.Build.0 = Debug|Any CPU
		{1766F622-8098-455D-811F-6CB8C9DA62D7}.Release|Any CPU.ActiveCfg = Release|Any CPU
		{1766F622-8098-455D-811F-6CB8C9DA62D7}.Release|Any CPU.Build.0 = Release|Any CPU
		{22B1B60C-9618-4E35-A725-586FDADF9778}.Debug|Any CPU.ActiveCfg = Debug|Any CPU
		{22B1B60C-9618-4E35-A725-586FDADF9778}.Debug|Any CPU.Build.0 = Debug|Any CPU
		{22B1B60C-9618-4E35-A725-586FDADF9778}.Release|Any CPU.ActiveCfg = Release|Any CPU
		{22B1B60C-9618-4E35-A725-586FDADF9778}.Release|Any CPU.Build.0 = Release|Any CPU
	EndGlobalSection
	GlobalSection(SolutionProperties) = preSolution
		HideSolutionNode = FALSE
	EndGlobalSection
	GlobalSection(ExtensibilityGlobals) = postSolution
		SolutionGuid = {BDB19415-778C-4FEA-9B2D-7114FC60B1E5}
	EndGlobalSection
EndGlobal
